
Microsoft Visual Studio Solution File, Format Version 12.00
# Visual Studio Version 17
VisualStudioVersion = 17.0.31903.59
MinimumVisualStudioVersion = 10.0.40219.1
Project("{9A19103F-16F7-4668-BE54-9A1E7A4F7556}") = "ConsoleApp", "ConsoleApp\ConsoleApp.csproj", "{EE282E60-85AD-490E-BCDB-6F491FDB8B52}"
EndProject
Project("{2150E333-8FDC-42A3-9474-1A3956D46DE8}") = "Clients", "Clients", "{BDEB0C76-3DA6-48D5-80A1-2404EB19842C}"
EndProject
Project("{2150E333-8FDC-42A3-9474-1A3956D46DE8}") = "Archival", "Archival", "{07B8F657-180B-499B-A158-C8412141DB91}"
EndProject
Project("{9A19103F-16F7-4668-BE54-9A1E7A4F7556}") = "Archival.Internal", "Archival.Internal\Archival.Internal.csproj", "{8F8EC80E-B37F-4527-9DCE-0BE3A498BCAA}"
EndProject
Project("{FAE04EC0-301F-11D3-BF4B-00C04F79EFBC}") = "Archival.Tabular", "Archival.Tabular\Archival.Tabular.csproj", "{EC944F53-0339-4339-89BD-794E6EC1A777}"
EndProject
Project("{FAE04EC0-301F-11D3-BF4B-00C04F79EFBC}") = "Archival.Objectus", "Archival.Objectus\Archival.Objectus.csproj", "{30465639-5726-40D0-A713-2E87A7097086}"
EndProject
Global
	GlobalSection(SolutionConfigurationPlatforms) = preSolution
		Debug|Any CPU = Debug|Any CPU
		Release|Any CPU = Release|Any CPU
	EndGlobalSection
	GlobalSection(ProjectConfigurationPlatforms) = postSolution
		{EE282E60-85AD-490E-BCDB-6F491FDB8B52}.Debug|Any CPU.ActiveCfg = Debug|Any CPU
		{EE282E60-85AD-490E-BCDB-6F491FDB8B52}.Debug|Any CPU.Build.0 = Debug|Any CPU
		{EE282E60-85AD-490E-BCDB-6F491FDB8B52}.Release|Any CPU.ActiveCfg = Release|Any CPU
		{EE282E60-85AD-490E-BCDB-6F491FDB8B52}.Release|Any CPU.Build.0 = Release|Any CPU
		{8F8EC80E-B37F-4527-9DCE-0BE3A498BCAA}.Debug|Any CPU.ActiveCfg = Debug|Any CPU
		{8F8EC80E-B37F-4527-9DCE-0BE3A498BCAA}.Debug|Any CPU.Build.0 = Debug|Any CPU
		{8F8EC80E-B37F-4527-9DCE-0BE3A498BCAA}.Release|Any CPU.ActiveCfg = Release|Any CPU
		{8F8EC80E-B37F-4527-9DCE-0BE3A498BCAA}.Release|Any CPU.Build.0 = Release|Any CPU
		{EC944F53-0339-4339-89BD-794E6EC1A777}.Debug|Any CPU.ActiveCfg = Debug|Any CPU
		{EC944F53-0339-4339-89BD-794E6EC1A777}.Debug|Any CPU.Build.0 = Debug|Any CPU
		{EC944F53-0339-4339-89BD-794E6EC1A777}.Release|Any CPU.ActiveCfg = Release|Any CPU
		{EC944F53-0339-4339-89BD-794E6EC1A777}.Release|Any CPU.Build.0 = Release|Any CPU
		{30465639-5726-40D0-A713-2E87A7097086}.Debug|Any CPU.ActiveCfg = Debug|Any CPU
		{30465639-5726-40D0-A713-2E87A7097086}.Debug|Any CPU.Build.0 = Debug|Any CPU
		{30465639-5726-40D0-A713-2E87A7097086}.Release|Any CPU.ActiveCfg = Release|Any CPU
		{30465639-5726-40D0-A713-2E87A7097086}.Release|Any CPU.Build.0 = Release|Any CPU
	EndGlobalSection
	GlobalSection(SolutionProperties) = preSolution
		HideSolutionNode = FALSE
	EndGlobalSection
	GlobalSection(NestedProjects) = preSolution
		{EE282E60-85AD-490E-BCDB-6F491FDB8B52} = {BDEB0C76-3DA6-48D5-80A1-2404EB19842C}
		{8F8EC80E-B37F-4527-9DCE-0BE3A498BCAA} = {07B8F657-180B-499B-A158-C8412141DB91}
		{EC944F53-0339-4339-89BD-794E6EC1A777} = {07B8F657-180B-499B-A158-C8412141DB91}
		{30465639-5726-40D0-A713-2E87A7097086} = {07B8F657-180B-499B-A158-C8412141DB91}
	EndGlobalSection
	GlobalSection(ExtensibilityGlobals) = postSolution
		SolutionGuid = {A3C105B2-43D7-41DF-A5CE-043D9532B6A6}
	EndGlobalSection
EndGlobal
